[root]
name = "svgcleaner"
version = "0.9.0"
dependencies = [
 "clap 2.24.2 (registry+https://github.com/rust-lang/crates.io-index)",
 "svgdom 0.5.0 (registry+https://github.com/rust-lang/crates.io-index)",
]

[[package]]
name = "bitflags"
version = "0.8.2"
source = "registry+https://github.com/rust-lang/crates.io-index"

[[package]]
name = "clap"
version = "2.24.2"
source = "registry+https://github.com/rust-lang/crates.io-index"
dependencies = [
 "bitflags 0.8.2 (registry+https://github.com/rust-lang/crates.io-index)",
 "unicode-segmentation 1.2.0 (registry+https://github.com/rust-lang/crates.io-index)",
 "unicode-width 0.1.4 (registry+https://github.com/rust-lang/crates.io-index)",
 "vec_map 0.8.0 (registry+https://github.com/rust-lang/crates.io-index)",
]

[[package]]
name = "float-cmp"
version = "0.2.3"
source = "registry+https://github.com/rust-lang/crates.io-index"
dependencies = [
 "num-traits 0.1.37 (registry+https://github.com/rust-lang/crates.io-index)",
]

[[package]]
name = "num-traits"
version = "0.1.37"
source = "registry+https://github.com/rust-lang/crates.io-index"

[[package]]
name = "phf"
version = "0.7.21"
source = "registry+https://github.com/rust-lang/crates.io-index"
dependencies = [
 "phf_shared 0.7.21 (registry+https://github.com/rust-lang/crates.io-index)",
]

[[package]]
name = "phf_shared"
version = "0.7.21"
source = "registry+https://github.com/rust-lang/crates.io-index"
dependencies = [
 "siphasher 0.2.2 (registry+https://github.com/rust-lang/crates.io-index)",
]

[[package]]
name = "simplecss"
version = "0.1.0"
source = "registry+https://github.com/rust-lang/crates.io-index"

[[package]]
name = "siphasher"
version = "0.2.2"
source = "registry+https://github.com/rust-lang/crates.io-index"

[[package]]
name = "svgdom"
version = "0.5.0"
source = "registry+https://github.com/rust-lang/crates.io-index"
dependencies = [
 "float-cmp 0.2.3 (registry+https://github.com/rust-lang/crates.io-index)",
 "simplecss 0.1.0 (registry+https://github.com/rust-lang/crates.io-index)",
 "svgparser 0.4.0 (registry+https://github.com/rust-lang/crates.io-index)",
]

[[package]]
name = "svgparser"
version = "0.4.0"
source = "registry+https://github.com/rust-lang/crates.io-index"
dependencies = [
 "phf 0.7.21 (registry+https://github.com/rust-lang/crates.io-index)",
]

[[package]]
name = "unicode-segmentation"
version = "1.2.0"
source = "registry+https://github.com/rust-lang/crates.io-index"

[[package]]
name = "unicode-width"
version = "0.1.4"
source = "registry+https://github.com/rust-lang/crates.io-index"

[[package]]
name = "vec_map"
version = "0.8.0"
source = "registry+https://github.com/rust-lang/crates.io-index"

[metadata]
"checksum bitflags 0.8.2 (registry+https://github.com/rust-lang/crates.io-index)" = "1370e9fc2a6ae53aea8b7a5110edbd08836ed87c88736dfabccade1c2b44bff4"
"checksum clap 2.24.2 (registry+https://github.com/rust-lang/crates.io-index)" = "6b8f69e518f967224e628896b54e41ff6acfb4dcfefc5076325c36525dac900f"
"checksum float-cmp 0.2.3 (registry+https://github.com/rust-lang/crates.io-index)" = "ae5c9d3ac80527346eb21666d9135b695243a48ef5f2df19022856975a66c411"
"checksum num-traits 0.1.37 (registry+https://github.com/rust-lang/crates.io-index)" = "e1cbfa3781f3fe73dc05321bed52a06d2d491eaa764c52335cf4399f046ece99"
"checksum phf 0.7.21 (registry+https://github.com/rust-lang/crates.io-index)" = "cb325642290f28ee14d8c6201159949a872f220c62af6e110a56ea914fbe42fc"
"checksum phf_shared 0.7.21 (registry+https://github.com/rust-lang/crates.io-index)" = "07e24b0ca9643bdecd0632f2b3da6b1b89bbb0030e0b992afc1113b23a7bc2f2"
"checksum simplecss 0.1.0 (registry+https://github.com/rust-lang/crates.io-index)" = "135685097a85a64067df36e28a243e94a94f76d829087ce0be34eeb014260c0e"
"checksum siphasher 0.2.2 (registry+https://github.com/rust-lang/crates.io-index)" = "0df90a788073e8d0235a67e50441d47db7c8ad9debd91cbf43736a2a92d36537"
"checksum svgdom 0.5.0 (registry+https://github.com/rust-lang/crates.io-index)" = "4dbc67fe18b0eb3f73952edbe861c67b45eca395821eb900b2faf96f1a2a84f4"
"checksum svgparser 0.4.0 (registry+https://github.com/rust-lang/crates.io-index)" = "117fc6cf1dfa7c578ba334c8c799ccca4e69457d243792a2b9c4b51cc190a377"
"checksum unicode-segmentation 1.2.0 (registry+https://github.com/rust-lang/crates.io-index)" = "a8083c594e02b8ae1654ae26f0ade5158b119bd88ad0e8227a5d8fcd72407946"
"checksum unicode-width 0.1.4 (registry+https://github.com/rust-lang/crates.io-index)" = "bf3a113775714a22dcb774d8ea3655c53a32debae63a063acc00a91cc586245f"
"checksum vec_map 0.8.0 (registry+https://github.com/rust-lang/crates.io-index)" = "887b5b631c2ad01628bbbaa7dd4c869f80d3186688f8d0b6f58774fbe324988c"
